
Microsoft Visual Studio Solution File, Format Version 12.00
# Visual Studio Version 16
VisualStudioVersion = 16.0.29806.167
MinimumVisualStudioVersion = 10.0.40219.1
Project("{9A19103F-16F7-4668-BE54-9A1E7A4F7556}") = "EasyToml", "EasyToml\EasyToml.csproj", "{A535B7B1-84FE-4690-BFE1-50D469216D0D}"
EndProject
Project("{9A19103F-16F7-4668-BE54-9A1E7A4F7556}") = "EasyToml.TestConsole", "EasyToml.TestConsole\EasyToml.TestConsole.csproj", "{A9730177-E6B7-4A8E-BB02-DB33A032AC63}"
EndProject
Project("{FAE04EC0-301F-11D3-BF4B-00C04F79EFBC}") = "EasyToml.AspNetCore.Extensions", "EasyToml.AspNetCore.Extensions\EasyToml.AspNetCore.Extensions.csproj", "{8A09A74B-33D6-43FC-AABD-A4C3C761383F}"
EndProject
Global
	GlobalSection(SolutionConfigurationPlatforms) = preSolution
		Debug|Any CPU = Debug|Any CPU
		Release|Any CPU = Release|Any CPU
	EndGlobalSection
	GlobalSection(ProjectConfigurationPlatforms) = postSolution
		{A535B7B1-84FE-4690-BFE1-50D469216D0D}.Debug|Any CPU.ActiveCfg = Debug|Any CPU
		{A535B7B1-84FE-4690-BFE1-50D469216D0D}.Debug|Any CPU.Build.0 = Debug|Any CPU
		{A535B7B1-84FE-4690-BFE1-50D469216D0D}.Release|Any CPU.ActiveCfg = Release|Any CPU
		{A535B7B1-84FE-4690-BFE1-50D469216D0D}.Release|Any CPU.Build.0 = Release|Any CPU
		{A9730177-E6B7-4A8E-BB02-DB33A032AC63}.Debug|Any CPU.ActiveCfg = Debug|Any CPU
		{A9730177-E6B7-4A8E-BB02-DB33A032AC63}.Debug|Any CPU.Build.0 = Debug|Any CPU
		{A9730177-E6B7-4A8E-BB02-DB33A032AC63}.Release|Any CPU.ActiveCfg = Release|Any CPU
		{A9730177-E6B7-4A8E-BB02-DB33A032AC63}.Release|Any CPU.Build.0 = Release|Any CPU
		{8A09A74B-33D6-43FC-AABD-A4C3C761383F}.Debug|Any CPU.ActiveCfg = Debug|Any CPU
		{8A09A74B-33D6-43FC-AABD-A4C3C761383F}.Debug|Any CPU.Build.0 = Debug|Any CPU
		{8A09A74B-33D6-43FC-AABD-A4C3C761383F}.Release|Any CPU.ActiveCfg = Release|Any CPU
		{8A09A74B-33D6-43FC-AABD-A4C3C761383F}.Release|Any CPU.Build.0 = Release|Any CPU
	EndGlobalSection
	GlobalSection(SolutionProperties) = preSolution
		HideSolutionNode = FALSE
	EndGlobalSection
	GlobalSection(ExtensibilityGlobals) = postSolution
		SolutionGuid = {375C751D-8CF7-4516-AA1A-01E37BA1441F}
	EndGlobalSection
EndGlobal
